
Microsoft Visual Studio Solution File, Format Version 12.00
# Visual Studio Version 16
VisualStudioVersion = 16.0.31702.278
MinimumVisualStudioVersion = 10.0.40219.1
Project("{FAE04EC0-301F-11D3-BF4B-00C04F79EFBC}") = "1", "1.csproj", "{36601CE4-0F29-41A1-9BCC-07D520882600}"
EndProject
Global
	GlobalSection(SolutionConfigurationPlatforms) = preSolution
		Debug|Any CPU = Debug|Any CPU
		Release|Any CPU = Release|Any CPU
	EndGlobalSection
	GlobalSection(ProjectConfigurationPlatforms) = postSolution
		{36601CE4-0F29-41A1-9BCC-07D520882600}.Debug|Any CPU.ActiveCfg = Debug|Any CPU
		{36601CE4-0F29-41A1-9BCC-07D520882600}.Debug|Any CPU.Build.0 = Debug|Any CPU
		{36601CE4-0F29-41A1-9BCC-07D520882600}.Release|Any CPU.ActiveCfg = Release|Any CPU
		{36601CE4-0F29-41A1-9BCC-07D520882600}.Release|Any CPU.Build.0 = Release|Any CPU
	EndGlobalSection
	GlobalSection(SolutionProperties) = preSolution
		HideSolutionNode = FALSE
	EndGlobalSection
	GlobalSection(ExtensibilityGlobals) = postSolution
		SolutionGuid = {09917CA7-92C3-4175-8E69-7D76A7884318}
	EndGlobalSection
EndGlobal
